
Microsoft Visual Studio Solution File, Format Version 12.00
# Visual Studio Version 17
VisualStudioVersion = 17.6.33801.468
MinimumVisualStudioVersion = 10.0.40219.1
Project("{FAE04EC0-301F-11D3-BF4B-00C04F79EFBC}") = "testeDownload", "testeDownload\testeDownload.csproj", "{B9095267-8BAF-49EF-9C3A-ADD41FA55144}"
EndProject
Global
	GlobalSection(SolutionConfigurationPlatforms) = preSolution
		Debug|Any CPU = Debug|Any CPU
		Release|Any CPU = Release|Any CPU
	EndGlobalSection
	GlobalSection(ProjectConfigurationPlatforms) = postSolution
		{B9095267-8BAF-49EF-9C3A-ADD41FA55144}.Debug|Any CPU.ActiveCfg = Debug|Any CPU
		{B9095267-8BAF-49EF-9C3A-ADD41FA55144}.Debug|Any CPU.Build.0 = Debug|Any CPU
		{B9095267-8BAF-49EF-9C3A-ADD41FA55144}.Release|Any CPU.ActiveCfg = Release|Any CPU
		{B9095267-8BAF-49EF-9C3A-ADD41FA55144}.Release|Any CPU.Build.0 = Release|Any CPU
	EndGlobalSection
	GlobalSection(SolutionProperties) = preSolution
		HideSolutionNode = FALSE
	EndGlobalSection
	GlobalSection(ExtensibilityGlobals) = postSolution
		SolutionGuid = {FA0E33DE-FD83-4DC9-BD58-3655D90F6094}
	EndGlobalSection
EndGlobal
